
Microsoft Visual Studio Solution File, Format Version 12.00
# Visual Studio Version 16
VisualStudioVersion = 16.0.31424.327
MinimumVisualStudioVersion = 10.0.40219.1
Project("{2150E333-8FDC-42A3-9474-1A3956D46DE8}") = "Services", "Services", "{86244203-046D-4AD0-8B70-29D0A592A17A}"
EndProject
Project("{2150E333-8FDC-42A3-9474-1A3956D46DE8}") = "Catolog", "Catolog", "{800B87B5-C0EC-493A-A77F-276B8D2FE363}"
EndProject
Project("{9A19103F-16F7-4668-BE54-9A1E7A4F7556}") = "Catolog.Api", "Services\Catolog\Catolog.Api\Catolog.Api.csproj", "{8A9C2FC5-BEAC-43A2-BE4E-C403C3485D81}"
EndProject
Project("{E53339B2-1760-4266-BCC7-CA923CBCF16C}") = "docker-compose", "docker-compose.dcproj", "{CFE25FF1-1693-4F80-83B5-E7C679DA4199}"
EndProject
Project("{2150E333-8FDC-42A3-9474-1A3956D46DE8}") = "Basket", "Basket", "{99419F61-B8D2-4B8A-8B0C-29EDAB217AC4}"
EndProject
Project("{9A19103F-16F7-4668-BE54-9A1E7A4F7556}") = "Basket.Api", "Services\Basket\Basket.Api\Basket.Api.csproj", "{0863C8B3-B5D2-4DB3-BD66-C07278A5C17F}"
EndProject
Project("{2150E333-8FDC-42A3-9474-1A3956D46DE8}") = "Discount", "Discount", "{EEE3A7E9-5A5B-4E70-9355-B2DA614A690A}"
EndProject
Project("{9A19103F-16F7-4668-BE54-9A1E7A4F7556}") = "Discount.Api", "Services\Discount\Discount.Api\Discount.Api.csproj", "{7FD1B246-5622-4578-A702-742988816123}"
EndProject
Project("{FAE04EC0-301F-11D3-BF4B-00C04F79EFBC}") = "Discount.gRPC", "Services\Discount\Discount.gRPC\Discount.gRPC.csproj", "{102A1712-8EE6-42EF-BD44-FA86187320E6}"
EndProject
Global
	GlobalSection(SolutionConfigurationPlatforms) = preSolution
		Debug|Any CPU = Debug|Any CPU
		Release|Any CPU = Release|Any CPU
	EndGlobalSection
	GlobalSection(ProjectConfigurationPlatforms) = postSolution
		{8A9C2FC5-BEAC-43A2-BE4E-C403C3485D81}.Debug|Any CPU.ActiveCfg = Debug|Any CPU
		{8A9C2FC5-BEAC-43A2-BE4E-C403C3485D81}.Debug|Any CPU.Build.0 = Debug|Any CPU
		{8A9C2FC5-BEAC-43A2-BE4E-C403C3485D81}.Release|Any CPU.ActiveCfg = Release|Any CPU
		{8A9C2FC5-BEAC-43A2-BE4E-C403C3485D81}.Release|Any CPU.Build.0 = Release|Any CPU
		{CFE25FF1-1693-4F80-83B5-E7C679DA4199}.Debug|Any CPU.ActiveCfg = Debug|Any CPU
		{CFE25FF1-1693-4F80-83B5-E7C679DA4199}.Debug|Any CPU.Build.0 = Debug|Any CPU
		{CFE25FF1-1693-4F80-83B5-E7C679DA4199}.Release|Any CPU.ActiveCfg = Release|Any CPU
		{CFE25FF1-1693-4F80-83B5-E7C679DA4199}.Release|Any CPU.Build.0 = Release|Any CPU
		{0863C8B3-B5D2-4DB3-BD66-C07278A5C17F}.Debug|Any CPU.ActiveCfg = Debug|Any CPU
		{0863C8B3-B5D2-4DB3-BD66-C07278A5C17F}.Debug|Any CPU.Build.0 = Debug|Any CPU
		{0863C8B3-B5D2-4DB3-BD66-C07278A5C17F}.Release|Any CPU.ActiveCfg = Release|Any CPU
		{0863C8B3-B5D2-4DB3-BD66-C07278A5C17F}.Release|Any CPU.Build.0 = Release|Any CPU
		{7FD1B246-5622-4578-A702-742988816123}.Debug|Any CPU.ActiveCfg = Debug|Any CPU
		{7FD1B246-5622-4578-A702-742988816123}.Debug|Any CPU.Build.0 = Debug|Any CPU
		{7FD1B246-5622-4578-A702-742988816123}.Release|Any CPU.ActiveCfg = Release|Any CPU
		{7FD1B246-5622-4578-A702-742988816123}.Release|Any CPU.Build.0 = Release|Any CPU
		{102A1712-8EE6-42EF-BD44-FA86187320E6}.Debug|Any CPU.ActiveCfg = Debug|Any CPU
		{102A1712-8EE6-42EF-BD44-FA86187320E6}.Debug|Any CPU.Build.0 = Debug|Any CPU
		{102A1712-8EE6-42EF-BD44-FA86187320E6}.Release|Any CPU.ActiveCfg = Release|Any CPU
		{102A1712-8EE6-42EF-BD44-FA86187320E6}.Release|Any CPU.Build.0 = Release|Any CPU
	EndGlobalSection
	GlobalSection(SolutionProperties) = preSolution
		HideSolutionNode = FALSE
	EndGlobalSection
	GlobalSection(NestedProjects) = preSolution
		{800B87B5-C0EC-493A-A77F-276B8D2FE363} = {86244203-046D-4AD0-8B70-29D0A592A17A}
		{8A9C2FC5-BEAC-43A2-BE4E-C403C3485D81} = {800B87B5-C0EC-493A-A77F-276B8D2FE363}
		{99419F61-B8D2-4B8A-8B0C-29EDAB217AC4} = {86244203-046D-4AD0-8B70-29D0A592A17A}
		{0863C8B3-B5D2-4DB3-BD66-C07278A5C17F} = {99419F61-B8D2-4B8A-8B0C-29EDAB217AC4}
		{EEE3A7E9-5A5B-4E70-9355-B2DA614A690A} = {86244203-046D-4AD0-8B70-29D0A592A17A}
		{7FD1B246-5622-4578-A702-742988816123} = {EEE3A7E9-5A5B-4E70-9355-B2DA614A690A}
		{102A1712-8EE6-42EF-BD44-FA86187320E6} = {EEE3A7E9-5A5B-4E70-9355-B2DA614A690A}
	EndGlobalSection
	GlobalSection(ExtensibilityGlobals) = postSolution
		SolutionGuid = {108BE282-6154-4716-86D5-B523DA30A9CF}
	EndGlobalSection
EndGlobal
